{
  "requires": true,
  "lockfileVersion": 1,
  "dependencies": {
    "@angular/animations": {
      "version": "13.1.1",
      "resolved": "https://registry.npmjs.org/@angular/animations/-/animations-13.1.1.tgz",
      "integrity": "sha512-6ECC9Dn5gmV4U1cz1pRJ2p5lo0BET2CjG1RbhTaZR8lOsoMsmlV/JdBAp8eyYTiGii3MLS6Q2P/hN/YG2SRGQQ==",
      "requires": {
        "tslib": "^2.3.0"
      }
    },
    "@angular/cdk": {
      "version": "13.1.1",
      "resolved": "https://registry.npmjs.org/@angular/cdk/-/cdk-13.1.1.tgz",
      "integrity": "sha512-66PyWg+zKdxTe3b1pc1RduT8hsMs/hJ0aD0JX0pSEWVq7O0OJWJ5f0z+Mk03T9tAERA3NK1GifcKEDq5k7R2Zw==",
      "requires": {
        "parse5": "^5.0.0",
        "tslib": "^2.3.0"
      }
    },
    "@angular/material": {
      "version": "13.1.1",
      "resolved": "https://registry.npmjs.org/@angular/material/-/material-13.1.1.tgz",
      "integrity": "sha512-kKWZBhnzuBYAVO1nrkqEaVTCJ2onEWs+tzAJDIlmbo9USiQyVCnFXx+rs86m4kRUxeAAZ9mcW5BGJr6oy5ClCA==",
      "requires": {
        "tslib": "^2.3.0"
      }
    },
    "parse5": {
      "version": "5.1.1",
      "resolved": "https://registry.npmjs.org/parse5/-/parse5-5.1.1.tgz",
      "integrity": "sha512-ugq4DFI0Ptb+WWjAdOK16+u/nHfiIrcE+sh8kZMaM0WllQKLI9rOUq6c2b7cwPkXdzfQESqvoqK6ug7U/Yyzug=="
    },
    "rxjs": {
      "version": "7.5.2",
      "resolved": "https://registry.npmjs.org/rxjs/-/rxjs-7.5.2.tgz",
      "integrity": "sha512-PwDt186XaL3QN5qXj/H9DGyHhP3/RYYgZZwqBv9Tv8rsAaiwFH1IsJJlcgD37J7UW5a6O67qX0KWKS3/pu0m4w==",
      "requires": {
        "tslib": "^2.1.0"
      }
    },
    "tslib": {
      "version": "2.3.1",
      "resolved": "https://registry.npmjs.org/tslib/-/tslib-2.3.1.tgz",
      "integrity": "sha512-77EbyPPpMz+FRFRuAFlWMtmgUWGe9UOG2Z25NqCwiIjRhOf5iKGuzSe5P2w1laq+FkRy4p+PCuVkJSGkzTEKVw=="
    }
  }
}
