
Microsoft Visual Studio Solution File, Format Version 12.00
Project("{2150E333-8FDC-42A3-9474-1A3956D46DE8}") = "ReportGeneratorMS", "ReportGeneratorMS", "{CC2BD7D3-349F-4808-81A0-C6C06B227D98}"
EndProject
Project("{2150E333-8FDC-42A3-9474-1A3956D46DE8}") = "WebApi", "WebApi", "{1A0E2337-EA89-4A5D-973B-36EBEEBCA17B}"
EndProject
Project("{2150E333-8FDC-42A3-9474-1A3956D46DE8}") = "CugReportsMS", "CugReportsMS", "{EB7F9678-3781-4F95-AD16-5DB496E81294}"
EndProject
Project("{2150E333-8FDC-42A3-9474-1A3956D46DE8}") = "WebApi", "WebApi", "{F8079EFC-6430-459B-8112-CEDDDB574C09}"
EndProject
Project("{2150E333-8FDC-42A3-9474-1A3956D46DE8}") = "ChartGeneratorMS", "ChartGeneratorMS", "{1BC9CE39-F5F8-436A-9BE5-BA3D5F13BABB}"
EndProject
Project("{2150E333-8FDC-42A3-9474-1A3956D46DE8}") = "WebApi", "WebApi", "{D3E69A93-BBFC-4867-8607-3023E7F7FDAB}"
EndProject
Project("{FAE04EC0-301F-11D3-BF4B-00C04F79EFBC}") = "SenderClient", "SenderClient\SenderClient.csproj", "{94A3F077-C7EE-4B48-B58F-7DB453746106}"
EndProject
Project("{FAE04EC0-301F-11D3-BF4B-00C04F79EFBC}") = "PdfReportTemplaterClient", "PdfReportTemplaterClient\PdfReportTemplaterClient.csproj", "{A4677AB5-8B08-4D35-9CCE-A0569F44D75D}"
EndProject
Project("{2150E333-8FDC-42A3-9474-1A3956D46DE8}") = "Infrastructure", "Infrastructure", "{A6A623C1-7DE3-4F90-ACA2-8224210891F4}"
EndProject
Project("{2150E333-8FDC-42A3-9474-1A3956D46DE8}") = "Domain", "Domain", "{D30EF6DA-3E44-4F20-B99B-436D5BC09F87}"
EndProject
Project("{2150E333-8FDC-42A3-9474-1A3956D46DE8}") = "Application", "Application", "{3E8EF831-0699-48A3-8434-60E227474CF4}"
EndProject
Project("{FAE04EC0-301F-11D3-BF4B-00C04F79EFBC}") = "EcoSCADA.Common.ExceptionHandling", "EcoSCADA.Common.ExceptionHandling\EcoSCADA.Common.ExceptionHandling.csproj", "{155465B9-3473-47AD-8D65-78EC84D06518}"
EndProject
Project("{2150E333-8FDC-42A3-9474-1A3956D46DE8}") = "ReportConfigurationMS", "ReportConfigurationMS", "{29B65168-2680-44DC-BC44-1B921B83C67F}"
EndProject
Project("{2150E333-8FDC-42A3-9474-1A3956D46DE8}") = "WebApi", "WebApi", "{D2EA455A-3A2B-4437-BBFF-301EBEEDFB5E}"
EndProject
Project("{2150E333-8FDC-42A3-9474-1A3956D46DE8}") = "Infrastructure", "Infrastructure", "{F9F2BB1D-182B-4D5E-B44A-8D5933285C8C}"
EndProject
Project("{2150E333-8FDC-42A3-9474-1A3956D46DE8}") = "Domain", "Domain", "{3D81CB3D-B9D6-4547-9822-CCE820C28AF8}"
EndProject
Project("{2150E333-8FDC-42A3-9474-1A3956D46DE8}") = "ChartGeneratorMSClient", "ChartGeneratorMSClient", "{F75C902A-5913-4B26-B3DE-1BB8BE9CBD7E}"
EndProject
Project("{2150E333-8FDC-42A3-9474-1A3956D46DE8}") = "CugReportsMSClient", "CugReportsMSClient", "{12B02FCF-BD1E-4B63-A9E6-D4774A42CA67}"
EndProject
Project("{2150E333-8FDC-42A3-9474-1A3956D46DE8}") = "ReportGeneratorMSClient", "ReportGeneratorMSClient", "{B864FF45-EEBC-4014-A92E-6F31FEEA646C}"
EndProject
Project("{2150E333-8FDC-42A3-9474-1A3956D46DE8}") = "WebApp", "WebApp", "{3C038873-C889-431C-B34B-1BA82BF5153B}"
EndProject
Project("{2150E333-8FDC-42A3-9474-1A3956D46DE8}") = "Application", "Application", "{9F544661-FA60-481A-8307-42AF3B8F630B}"
EndProject
Project("{2150E333-8FDC-42A3-9474-1A3956D46DE8}") = "Domain", "Domain", "{4AEBC052-87FC-402C-8383-219F14B20CC1}"
EndProject
Project("{2150E333-8FDC-42A3-9474-1A3956D46DE8}") = "Infrastructure", "Infrastructure", "{5E77EE95-4681-467C-86FA-68374ED1D362}"
EndProject
Project("{FAE04EC0-301F-11D3-BF4B-00C04F79EFBC}") = "ChartGeneratorMSClient", "ChartGeneratorMS\ChartGeneratorMSClient\ChartGeneratorMSClient\ChartGeneratorMSClient.csproj", "{4E61B845-128A-4697-9EEC-5877CA04CEF6}"
EndProject
Project("{FAE04EC0-301F-11D3-BF4B-00C04F79EFBC}") = "ChartGeneratorMSClient.Models", "ChartGeneratorMS\ChartGeneratorMSClient\ChartGeneratorMSClient.Models\ChartGeneratorMSClient.Models.csproj", "{8B0D43E3-D9BE-4C93-851E-BD4C949A8188}"
EndProject
Project("{FAE04EC0-301F-11D3-BF4B-00C04F79EFBC}") = "CugReportsMS.Adapter", "CugReportsMS\Application\CugReportsMS.Adapter\CugReportsMS.Adapter.csproj", "{6669062B-C4A2-4076-A3CE-C7EAF853C019}"
EndProject
Project("{FAE04EC0-301F-11D3-BF4B-00C04F79EFBC}") = "CugReportsMS.Assembler", "CugReportsMS\Application\CugReportsMS.Assembler\CugReportsMS.Assembler.csproj", "{F7FDB166-D0FB-4B1F-9C35-A7B3770C8FB5}"
EndProject
Project("{FAE04EC0-301F-11D3-BF4B-00C04F79EFBC}") = "CugReportsMS.Orchestrator", "CugReportsMS\Application\CugReportsMS.Orchestrator\CugReportsMS.Orchestrator.csproj", "{21CE9896-E91F-4879-AB9A-181B5E7A70E0}"
EndProject
Project("{FAE04EC0-301F-11D3-BF4B-00C04F79EFBC}") = "CugReportsMS.ReportNameManager", "CugReportsMS\Application\CugReportsMS.ReportNameManager\CugReportsMS.ReportNameManager.csproj", "{239B9936-C7D0-43B6-8A98-958A80A9C66F}"
EndProject
Project("{FAE04EC0-301F-11D3-BF4B-00C04F79EFBC}") = "CugReportsMS.Services", "CugReportsMS\Application\CugReportsMS.Services\CugReportsMS.Services.csproj", "{7BD1F4C0-A3A7-44CF-80E4-F1C78F8EEF3C}"
EndProject
Project("{FAE04EC0-301F-11D3-BF4B-00C04F79EFBC}") = "CugReportsMSClient", "CugReportsMS\CugReportsMSClient\CugReportsMSClient\CugReportsMSClient.csproj", "{E5C91A57-702E-409B-A2D1-CCF84230DD81}"
EndProject
Project("{FAE04EC0-301F-11D3-BF4B-00C04F79EFBC}") = "CugReportsMSClient.Models", "CugReportsMS\CugReportsMSClient\CugReportsMSClient.Models\CugReportsMSClient.Models.csproj", "{01E9782C-74C3-4BD7-811B-D113568E5971}"
EndProject
Project("{FAE04EC0-301F-11D3-BF4B-00C04F79EFBC}") = "CugReportsMS.Dtos", "CugReportsMS\Domain\CugReportsMS.Dtos\CugReportsMS.Dtos.csproj", "{047C0C4E-0875-47FA-ADEF-758585DF8EE3}"
EndProject
Project("{FAE04EC0-301F-11D3-BF4B-00C04F79EFBC}") = "CugReportsMS.DBDtos", "CugReportsMS\Domain\CugReportsMS.DBDtos\CugReportsMS.DBDtos.csproj", "{CA1D3DCD-1FE4-4DEC-BCC7-A3932BFD4AAD}"
EndProject
Project("{FAE04EC0-301F-11D3-BF4B-00C04F79EFBC}") = "CugReportsMS.DataBase", "CugReportsMS\Infrastructure\CugReportsMS.DataBase\CugReportsMS.DataBase.csproj", "{4B1466BD-8F36-4B49-B4B6-E82E4A3862B1}"
EndProject
Project("{FAE04EC0-301F-11D3-BF4B-00C04F79EFBC}") = "CugReportsMS.WebApi.Application.Host", "CugReportsMS\WebApi\CugReportsMS.WebApi.Application.Host\CugReportsMS.WebApi.Application.Host.csproj", "{7A4CCB39-CF9D-469F-A601-DF480C22E480}"
EndProject
Project("{FAE04EC0-301F-11D3-BF4B-00C04F79EFBC}") = "ReportConfigurationMS.Domain", "ReportConfigurationMS\Domain\ReportConfigurationMS.Domain\ReportConfigurationMS.Domain.csproj", "{8EAB4CA1-A683-43D1-9DBE-FD18E9A9624C}"
EndProject
Project("{FAE04EC0-301F-11D3-BF4B-00C04F79EFBC}") = "ReportConfigurationMS.DataBase", "ReportConfigurationMS\Infrastructure\ReportConfigurationMS.DataBase\ReportConfigurationMS.DataBase.csproj", "{0F621738-5DD6-4766-8D9E-0AA40DEFECF3}"
EndProject
Project("{FAE04EC0-301F-11D3-BF4B-00C04F79EFBC}") = "ReportConfigurationMS.Host", "ReportConfigurationMS\WebApi\ReportConfigurationMS.Host\ReportConfigurationMS.Host.csproj", "{15C5235A-AACE-41EB-9315-11DD8B89EDBC}"
EndProject
Project("{FAE04EC0-301F-11D3-BF4B-00C04F79EFBC}") = "ReportConfigurationMS.Host.Dto", "ReportConfigurationMS\WebApi\ReportConfigurationMS.Host.Dto\ReportConfigurationMS.Host.Dto.csproj", "{5D345E5E-4FBE-4214-9371-0E22F3248655}"
EndProject
Project("{2150E333-8FDC-42A3-9474-1A3956D46DE8}") = "Application", "Application", "{29113055-5C8E-451C-A6F0-8F1F4CAA49D5}"
EndProject
Project("{FAE04EC0-301F-11D3-BF4B-00C04F79EFBC}") = "Worker", "ReportConfigurationMS\Application\Worker\Worker.csproj", "{6251EEA0-4164-4E91-8063-A7C203B5A1DF}"
EndProject
Project("{FAE04EC0-301F-11D3-BF4B-00C04F79EFBC}") = "ChartGeneratorMS.WebApi.Host", "ChartGeneratorMS\WebApi\ChartGeneratorMS.WebApi.Host\ChartGeneratorMS.WebApi.Host.csproj", "{3F0476CF-EBB9-4337-A642-328D0CAF8DB4}"
EndProject
Project("{2150E333-8FDC-42A3-9474-1A3956D46DE8}") = "Application", "Application", "{138C5A19-D360-40CA-8D33-467026DB1938}"
EndProject
Project("{2150E333-8FDC-42A3-9474-1A3956D46DE8}") = "Domain", "Domain", "{4B59A639-113C-446A-AD5D-1D1E7361D726}"
EndProject
Project("{2150E333-8FDC-42A3-9474-1A3956D46DE8}") = "Infrastructure", "Infrastructure", "{DDF2A687-BEC8-4EFF-B522-AE698308A5D9}"
EndProject
Project("{FAE04EC0-301F-11D3-BF4B-00C04F79EFBC}") = "ReportGenerator", "ReportGeneratorMS\Application\ReportGenerator\ReportGenerator\ReportGenerator.csproj", "{9BD70954-9B9F-4229-9186-83791B95269E}"
EndProject
Project("{FAE04EC0-301F-11D3-BF4B-00C04F79EFBC}") = "ReportGenerator.Common", "ReportGeneratorMS\Application\ReportGenerator.Common\ReportGenerator.Common.csproj", "{10E9FD96-1791-453F-8BAF-8D02B217087B}"
EndProject
Project("{FAE04EC0-301F-11D3-BF4B-00C04F79EFBC}") = "ReportGenerator.ExcelGenerator", "ReportGeneratorMS\Application\ReportGenerator.ExcelGenerator\ReportGenerator.ExcelGenerator.csproj", "{64D4EC89-8F48-45E7-904A-7E05783CD153}"
EndProject
Project("{FAE04EC0-301F-11D3-BF4B-00C04F79EFBC}") = "ReportGenerator.PdfGenerator", "ReportGeneratorMS\Application\ReportGenerator.PdfGenerator\ReportGenerator.PdfGenerator.csproj", "{AC9EF6AB-43FE-40E2-86FB-49A17AB567DE}"
EndProject
Project("{FAE04EC0-301F-11D3-BF4B-00C04F79EFBC}") = "ReportGenerator.Test", "ReportGeneratorMS\Application\ReportGenerator.Test\ReportGenerator.Test.csproj", "{2BE7BC3A-28AE-4F26-A7DE-30527B43A63D}"
EndProject
Project("{FAE04EC0-301F-11D3-BF4B-00C04F79EFBC}") = "Domain", "ReportGeneratorMS\Domain\Domain\Domain.csproj", "{D40E0A6A-37AC-4B31-97CB-DCEF12FC0148}"
EndProject
Project("{FAE04EC0-301F-11D3-BF4B-00C04F79EFBC}") = "ReportGenerator.DBDtos", "ReportGeneratorMS\Domain\ReportGenerator.DBDtos\ReportGenerator.DBDtos.csproj", "{21C3EAA4-C17A-44A1-A19F-050F9D180D5C}"
EndProject
Project("{FAE04EC0-301F-11D3-BF4B-00C04F79EFBC}") = "ReportGenerator.Domain", "ReportGeneratorMS\Domain\ReportGenerator.Domain\ReportGenerator.Domain.csproj", "{96703C72-5CBE-4023-B189-15285C9C3E54}"
EndProject
Project("{FAE04EC0-301F-11D3-BF4B-00C04F79EFBC}") = "ReportGenerator.Dtos", "ReportGeneratorMS\Domain\ReportGenerator.Dtos\ReportGenerator.Dtos.csproj", "{E8D59FE0-F448-48BF-A571-DAF4F763B31D}"
EndProject
Project("{FAE04EC0-301F-11D3-BF4B-00C04F79EFBC}") = "ReportGenerator.Models", "ReportGeneratorMS\Domain\ReportGenerator.Models\ReportGenerator.Models.csproj", "{AE2274CC-0464-482A-9D5F-109E5536AA91}"
EndProject
Project("{FAE04EC0-301F-11D3-BF4B-00C04F79EFBC}") = "ReportGenerator.DataBase", "ReportGeneratorMS\Infrastructure\ReportGenerator.DataBase\ReportGenerator.DataBase.csproj", "{239AD34C-FEEF-4923-B380-489A302FD5F4}"
EndProject
Project("{FAE04EC0-301F-11D3-BF4B-00C04F79EFBC}") = "ReportGeneratorClient", "ReportGeneratorMS\ReportGeneratorMSClient\ReportGeneratorClient\ReportGeneratorClient.csproj", "{42D77EB3-118A-402B-9E6A-935F578DE98A}"
EndProject
Project("{FAE04EC0-301F-11D3-BF4B-00C04F79EFBC}") = "ReportGeneratorClient.Models", "ReportGeneratorMS\ReportGeneratorMSClient\ReportGeneratorClient.Models\ReportGeneratorClient.Models.csproj", "{00849ADF-3D5C-45BE-8D39-886B40B99B22}"
EndProject
Project("{FAE04EC0-301F-11D3-BF4B-00C04F79EFBC}") = "ReportGenerator.WebApi.Application.Host", "ReportGeneratorMS\WebApi\ReportGenerator.WebApi.Application.Host\ReportGenerator.WebApi.Application.Host.csproj", "{A3982D01-E70F-4FD2-93E4-CD708DEB90DD}"
EndProject
Project("{2150E333-8FDC-42A3-9474-1A3956D46DE8}") = "Backend", "Backend", "{1040B0E3-185A-4C1A-A942-BA428A5D4C2E}"
EndProject
Project("{2150E333-8FDC-42A3-9474-1A3956D46DE8}") = "Client", "Client", "{85A72FA8-2C07-45FD-9240-A815B720D324}"
EndProject
Project("{FAE04EC0-301F-11D3-BF4B-00C04F79EFBC}") = "ReportingFramework.WebApp.Application.Host", "WebApp\Application\Backend\ReportingFramework.WebApp.Application.Host\ReportingFramework.WebApp.Application.Host.csproj", "{09B31FC6-DB81-46AE-BC09-F52E333ED7D1}"
EndProject
Project("{FAE04EC0-301F-11D3-BF4B-00C04F79EFBC}") = "ReportingFramweork.WebApp.Application.Host.Domain", "WebApp\Application\Backend\ReportingFramweork.WebApp.Application.Host.Domain\ReportingFramweork.WebApp.Application.Host.Domain.csproj", "{2FB3101A-6505-411E-A65B-D9E6C4E9B1F7}"
EndProject
Project("{FAE04EC0-301F-11D3-BF4B-00C04F79EFBC}") = "ReportingFramework.WebApp.Domain", "WebApp\Domain\ReportingFramework.WebApp.Domain\ReportingFramework.WebApp.Domain.csproj", "{CC266721-0627-4479-B18F-426731EE4651}"
EndProject
Project("{FAE04EC0-301F-11D3-BF4B-00C04F79EFBC}") = "ReportingFramework.WebApp.Database", "WebApp\Infrastructure\ReportingFramework.WebApp.Database\ReportingFramework.WebApp.Database.csproj", "{8015AC87-01F5-491D-BF3C-CBA1DA6B13DB}"
EndProject
Project("{2150E333-8FDC-42A3-9474-1A3956D46DE8}") = "Application", "Application", "{207EA423-CFFD-4CA4-B8BD-A53660DBCBC1}"
EndProject
Project("{FAE04EC0-301F-11D3-BF4B-00C04F79EFBC}") = "ChartGenerator", "ChartGeneratorMS\Application\ChartGenerator\ChartGenerator.csproj", "{DEB9E85D-B628-4462-A3BC-F047B898B9D5}"
EndProject
Project("{FAE04EC0-301F-11D3-BF4B-00C04F79EFBC}") = "ChartGenerator.Tests", "ChartGeneratorMS\Application\ChartGenerator.Tests\ChartGenerator.Tests.csproj", "{FB96C9C1-54FB-403B-BC11-4601FFBCE9D3}"
EndProject
Global
	GlobalSection(SolutionConfigurationPlatforms) = preSolution
		Debug|Any CPU = Debug|Any CPU
		Release|Any CPU = Release|Any CPU
	EndGlobalSection
	GlobalSection(ProjectConfigurationPlatforms) = postSolution
		{94A3F077-C7EE-4B48-B58F-7DB453746106}.Debug|Any CPU.ActiveCfg = Debug|Any CPU
		{94A3F077-C7EE-4B48-B58F-7DB453746106}.Debug|Any CPU.Build.0 = Debug|Any CPU
		{94A3F077-C7EE-4B48-B58F-7DB453746106}.Release|Any CPU.ActiveCfg = Release|Any CPU
		{94A3F077-C7EE-4B48-B58F-7DB453746106}.Release|Any CPU.Build.0 = Release|Any CPU
		{A4677AB5-8B08-4D35-9CCE-A0569F44D75D}.Debug|Any CPU.ActiveCfg = Debug|Any CPU
		{A4677AB5-8B08-4D35-9CCE-A0569F44D75D}.Debug|Any CPU.Build.0 = Debug|Any CPU
		{A4677AB5-8B08-4D35-9CCE-A0569F44D75D}.Release|Any CPU.ActiveCfg = Release|Any CPU
		{A4677AB5-8B08-4D35-9CCE-A0569F44D75D}.Release|Any CPU.Build.0 = Release|Any CPU
		{155465B9-3473-47AD-8D65-78EC84D06518}.Debug|Any CPU.ActiveCfg = Debug|Any CPU
		{155465B9-3473-47AD-8D65-78EC84D06518}.Debug|Any CPU.Build.0 = Debug|Any CPU
		{155465B9-3473-47AD-8D65-78EC84D06518}.Release|Any CPU.ActiveCfg = Release|Any CPU
		{155465B9-3473-47AD-8D65-78EC84D06518}.Release|Any CPU.Build.0 = Release|Any CPU
		{4E61B845-128A-4697-9EEC-5877CA04CEF6}.Debug|Any CPU.ActiveCfg = Debug|Any CPU
		{4E61B845-128A-4697-9EEC-5877CA04CEF6}.Debug|Any CPU.Build.0 = Debug|Any CPU
		{4E61B845-128A-4697-9EEC-5877CA04CEF6}.Release|Any CPU.ActiveCfg = Release|Any CPU
		{4E61B845-128A-4697-9EEC-5877CA04CEF6}.Release|Any CPU.Build.0 = Release|Any CPU
		{8B0D43E3-D9BE-4C93-851E-BD4C949A8188}.Debug|Any CPU.ActiveCfg = Debug|Any CPU
		{8B0D43E3-D9BE-4C93-851E-BD4C949A8188}.Debug|Any CPU.Build.0 = Debug|Any CPU
		{8B0D43E3-D9BE-4C93-851E-BD4C949A8188}.Release|Any CPU.ActiveCfg = Release|Any CPU
		{8B0D43E3-D9BE-4C93-851E-BD4C949A8188}.Release|Any CPU.Build.0 = Release|Any CPU
		{6669062B-C4A2-4076-A3CE-C7EAF853C019}.Debug|Any CPU.ActiveCfg = Debug|Any CPU
		{6669062B-C4A2-4076-A3CE-C7EAF853C019}.Debug|Any CPU.Build.0 = Debug|Any CPU
		{6669062B-C4A2-4076-A3CE-C7EAF853C019}.Release|Any CPU.ActiveCfg = Release|Any CPU
		{6669062B-C4A2-4076-A3CE-C7EAF853C019}.Release|Any CPU.Build.0 = Release|Any CPU
		{F7FDB166-D0FB-4B1F-9C35-A7B3770C8FB5}.Debug|Any CPU.ActiveCfg = Debug|Any CPU
		{F7FDB166-D0FB-4B1F-9C35-A7B3770C8FB5}.Debug|Any CPU.Build.0 = Debug|Any CPU
		{F7FDB166-D0FB-4B1F-9C35-A7B3770C8FB5}.Release|Any CPU.ActiveCfg = Release|Any CPU
		{F7FDB166-D0FB-4B1F-9C35-A7B3770C8FB5}.Release|Any CPU.Build.0 = Release|Any CPU
		{21CE9896-E91F-4879-AB9A-181B5E7A70E0}.Debug|Any CPU.ActiveCfg = Debug|Any CPU
		{21CE9896-E91F-4879-AB9A-181B5E7A70E0}.Debug|Any CPU.Build.0 = Debug|Any CPU
		{21CE9896-E91F-4879-AB9A-181B5E7A70E0}.Release|Any CPU.ActiveCfg = Release|Any CPU
		{21CE9896-E91F-4879-AB9A-181B5E7A70E0}.Release|Any CPU.Build.0 = Release|Any CPU
		{239B9936-C7D0-43B6-8A98-958A80A9C66F}.Debug|Any CPU.ActiveCfg = Debug|Any CPU
		{239B9936-C7D0-43B6-8A98-958A80A9C66F}.Debug|Any CPU.Build.0 = Debug|Any CPU
		{239B9936-C7D0-43B6-8A98-958A80A9C66F}.Release|Any CPU.ActiveCfg = Release|Any CPU
		{239B9936-C7D0-43B6-8A98-958A80A9C66F}.Release|Any CPU.Build.0 = Release|Any CPU
		{7BD1F4C0-A3A7-44CF-80E4-F1C78F8EEF3C}.Debug|Any CPU.ActiveCfg = Debug|Any CPU
		{7BD1F4C0-A3A7-44CF-80E4-F1C78F8EEF3C}.Debug|Any CPU.Build.0 = Debug|Any CPU
		{7BD1F4C0-A3A7-44CF-80E4-F1C78F8EEF3C}.Release|Any CPU.ActiveCfg = Release|Any CPU
		{7BD1F4C0-A3A7-44CF-80E4-F1C78F8EEF3C}.Release|Any CPU.Build.0 = Release|Any CPU
		{E5C91A57-702E-409B-A2D1-CCF84230DD81}.Debug|Any CPU.ActiveCfg = Debug|Any CPU
		{E5C91A57-702E-409B-A2D1-CCF84230DD81}.Debug|Any CPU.Build.0 = Debug|Any CPU
		{E5C91A57-702E-409B-A2D1-CCF84230DD81}.Release|Any CPU.ActiveCfg = Release|Any CPU
		{E5C91A57-702E-409B-A2D1-CCF84230DD81}.Release|Any CPU.Build.0 = Release|Any CPU
		{01E9782C-74C3-4BD7-811B-D113568E5971}.Debug|Any CPU.ActiveCfg = Debug|Any CPU
		{01E9782C-74C3-4BD7-811B-D113568E5971}.Debug|Any CPU.Build.0 = Debug|Any CPU
		{01E9782C-74C3-4BD7-811B-D113568E5971}.Release|Any CPU.ActiveCfg = Release|Any CPU
		{01E9782C-74C3-4BD7-811B-D113568E5971}.Release|Any CPU.Build.0 = Release|Any CPU
		{047C0C4E-0875-47FA-ADEF-758585DF8EE3}.Debug|Any CPU.ActiveCfg = Debug|Any CPU
		{047C0C4E-0875-47FA-ADEF-758585DF8EE3}.Debug|Any CPU.Build.0 = Debug|Any CPU
		{047C0C4E-0875-47FA-ADEF-758585DF8EE3}.Release|Any CPU.ActiveCfg = Release|Any CPU
		{047C0C4E-0875-47FA-ADEF-758585DF8EE3}.Release|Any CPU.Build.0 = Release|Any CPU
		{CA1D3DCD-1FE4-4DEC-BCC7-A3932BFD4AAD}.Debug|Any CPU.ActiveCfg = Debug|Any CPU
		{CA1D3DCD-1FE4-4DEC-BCC7-A3932BFD4AAD}.Debug|Any CPU.Build.0 = Debug|Any CPU
		{CA1D3DCD-1FE4-4DEC-BCC7-A3932BFD4AAD}.Release|Any CPU.ActiveCfg = Release|Any CPU
		{CA1D3DCD-1FE4-4DEC-BCC7-A3932BFD4AAD}.Release|Any CPU.Build.0 = Release|Any CPU
		{4B1466BD-8F36-4B49-B4B6-E82E4A3862B1}.Debug|Any CPU.ActiveCfg = Debug|Any CPU
		{4B1466BD-8F36-4B49-B4B6-E82E4A3862B1}.Debug|Any CPU.Build.0 = Debug|Any CPU
		{4B1466BD-8F36-4B49-B4B6-E82E4A3862B1}.Release|Any CPU.ActiveCfg = Release|Any CPU
		{4B1466BD-8F36-4B49-B4B6-E82E4A3862B1}.Release|Any CPU.Build.0 = Release|Any CPU
		{7A4CCB39-CF9D-469F-A601-DF480C22E480}.Debug|Any CPU.ActiveCfg = Debug|Any CPU
		{7A4CCB39-CF9D-469F-A601-DF480C22E480}.Debug|Any CPU.Build.0 = Debug|Any CPU
		{7A4CCB39-CF9D-469F-A601-DF480C22E480}.Release|Any CPU.ActiveCfg = Release|Any CPU
		{7A4CCB39-CF9D-469F-A601-DF480C22E480}.Release|Any CPU.Build.0 = Release|Any CPU
		{8EAB4CA1-A683-43D1-9DBE-FD18E9A9624C}.Debug|Any CPU.ActiveCfg = Debug|Any CPU
		{8EAB4CA1-A683-43D1-9DBE-FD18E9A9624C}.Debug|Any CPU.Build.0 = Debug|Any CPU
		{8EAB4CA1-A683-43D1-9DBE-FD18E9A9624C}.Release|Any CPU.ActiveCfg = Release|Any CPU
		{8EAB4CA1-A683-43D1-9DBE-FD18E9A9624C}.Release|Any CPU.Build.0 = Release|Any CPU
		{0F621738-5DD6-4766-8D9E-0AA40DEFECF3}.Debug|Any CPU.ActiveCfg = Debug|Any CPU
		{0F621738-5DD6-4766-8D9E-0AA40DEFECF3}.Debug|Any CPU.Build.0 = Debug|Any CPU
		{0F621738-5DD6-4766-8D9E-0AA40DEFECF3}.Release|Any CPU.ActiveCfg = Release|Any CPU
		{0F621738-5DD6-4766-8D9E-0AA40DEFECF3}.Release|Any CPU.Build.0 = Release|Any CPU
		{15C5235A-AACE-41EB-9315-11DD8B89EDBC}.Debug|Any CPU.ActiveCfg = Debug|Any CPU
		{15C5235A-AACE-41EB-9315-11DD8B89EDBC}.Debug|Any CPU.Build.0 = Debug|Any CPU
		{15C5235A-AACE-41EB-9315-11DD8B89EDBC}.Release|Any CPU.ActiveCfg = Release|Any CPU
		{15C5235A-AACE-41EB-9315-11DD8B89EDBC}.Release|Any CPU.Build.0 = Release|Any CPU
		{5D345E5E-4FBE-4214-9371-0E22F3248655}.Debug|Any CPU.ActiveCfg = Debug|Any CPU
		{5D345E5E-4FBE-4214-9371-0E22F3248655}.Debug|Any CPU.Build.0 = Debug|Any CPU
		{5D345E5E-4FBE-4214-9371-0E22F3248655}.Release|Any CPU.ActiveCfg = Release|Any CPU
		{5D345E5E-4FBE-4214-9371-0E22F3248655}.Release|Any CPU.Build.0 = Release|Any CPU
		{6251EEA0-4164-4E91-8063-A7C203B5A1DF}.Debug|Any CPU.ActiveCfg = Debug|Any CPU
		{6251EEA0-4164-4E91-8063-A7C203B5A1DF}.Debug|Any CPU.Build.0 = Debug|Any CPU
		{6251EEA0-4164-4E91-8063-A7C203B5A1DF}.Release|Any CPU.ActiveCfg = Release|Any CPU
		{6251EEA0-4164-4E91-8063-A7C203B5A1DF}.Release|Any CPU.Build.0 = Release|Any CPU
		{3F0476CF-EBB9-4337-A642-328D0CAF8DB4}.Debug|Any CPU.ActiveCfg = Debug|Any CPU
		{3F0476CF-EBB9-4337-A642-328D0CAF8DB4}.Debug|Any CPU.Build.0 = Debug|Any CPU
		{3F0476CF-EBB9-4337-A642-328D0CAF8DB4}.Release|Any CPU.ActiveCfg = Release|Any CPU
		{3F0476CF-EBB9-4337-A642-328D0CAF8DB4}.Release|Any CPU.Build.0 = Release|Any CPU
		{9BD70954-9B9F-4229-9186-83791B95269E}.Debug|Any CPU.ActiveCfg = Debug|Any CPU
		{9BD70954-9B9F-4229-9186-83791B95269E}.Debug|Any CPU.Build.0 = Debug|Any CPU
		{9BD70954-9B9F-4229-9186-83791B95269E}.Release|Any CPU.ActiveCfg = Release|Any CPU
		{9BD70954-9B9F-4229-9186-83791B95269E}.Release|Any CPU.Build.0 = Release|Any CPU
		{10E9FD96-1791-453F-8BAF-8D02B217087B}.Debug|Any CPU.ActiveCfg = Debug|Any CPU
		{10E9FD96-1791-453F-8BAF-8D02B217087B}.Debug|Any CPU.Build.0 = Debug|Any CPU
		{10E9FD96-1791-453F-8BAF-8D02B217087B}.Release|Any CPU.ActiveCfg = Release|Any CPU
		{10E9FD96-1791-453F-8BAF-8D02B217087B}.Release|Any CPU.Build.0 = Release|Any CPU
		{64D4EC89-8F48-45E7-904A-7E05783CD153}.Debug|Any CPU.ActiveCfg = Debug|Any CPU
		{64D4EC89-8F48-45E7-904A-7E05783CD153}.Debug|Any CPU.Build.0 = Debug|Any CPU
		{64D4EC89-8F48-45E7-904A-7E05783CD153}.Release|Any CPU.ActiveCfg = Release|Any CPU
		{64D4EC89-8F48-45E7-904A-7E05783CD153}.Release|Any CPU.Build.0 = Release|Any CPU
		{AC9EF6AB-43FE-40E2-86FB-49A17AB567DE}.Debug|Any CPU.ActiveCfg = Debug|Any CPU
		{AC9EF6AB-43FE-40E2-86FB-49A17AB567DE}.Debug|Any CPU.Build.0 = Debug|Any CPU
		{AC9EF6AB-43FE-40E2-86FB-49A17AB567DE}.Release|Any CPU.ActiveCfg = Release|Any CPU
		{AC9EF6AB-43FE-40E2-86FB-49A17AB567DE}.Release|Any CPU.Build.0 = Release|Any CPU
		{2BE7BC3A-28AE-4F26-A7DE-30527B43A63D}.Debug|Any CPU.ActiveCfg = Debug|Any CPU
		{2BE7BC3A-28AE-4F26-A7DE-30527B43A63D}.Debug|Any CPU.Build.0 = Debug|Any CPU
		{2BE7BC3A-28AE-4F26-A7DE-30527B43A63D}.Release|Any CPU.ActiveCfg = Release|Any CPU
		{2BE7BC3A-28AE-4F26-A7DE-30527B43A63D}.Release|Any CPU.Build.0 = Release|Any CPU
		{D40E0A6A-37AC-4B31-97CB-DCEF12FC0148}.Debug|Any CPU.ActiveCfg = Debug|Any CPU
		{D40E0A6A-37AC-4B31-97CB-DCEF12FC0148}.Debug|Any CPU.Build.0 = Debug|Any CPU
		{D40E0A6A-37AC-4B31-97CB-DCEF12FC0148}.Release|Any CPU.ActiveCfg = Release|Any CPU
		{D40E0A6A-37AC-4B31-97CB-DCEF12FC0148}.Release|Any CPU.Build.0 = Release|Any CPU
		{21C3EAA4-C17A-44A1-A19F-050F9D180D5C}.Debug|Any CPU.ActiveCfg = Debug|Any CPU
		{21C3EAA4-C17A-44A1-A19F-050F9D180D5C}.Debug|Any CPU.Build.0 = Debug|Any CPU
		{21C3EAA4-C17A-44A1-A19F-050F9D180D5C}.Release|Any CPU.ActiveCfg = Release|Any CPU
		{21C3EAA4-C17A-44A1-A19F-050F9D180D5C}.Release|Any CPU.Build.0 = Release|Any CPU
		{96703C72-5CBE-4023-B189-15285C9C3E54}.Debug|Any CPU.ActiveCfg = Debug|Any CPU
		{96703C72-5CBE-4023-B189-15285C9C3E54}.Debug|Any CPU.Build.0 = Debug|Any CPU
		{96703C72-5CBE-4023-B189-15285C9C3E54}.Release|Any CPU.ActiveCfg = Release|Any CPU
		{96703C72-5CBE-4023-B189-15285C9C3E54}.Release|Any CPU.Build.0 = Release|Any CPU
		{E8D59FE0-F448-48BF-A571-DAF4F763B31D}.Debug|Any CPU.ActiveCfg = Debug|Any CPU
		{E8D59FE0-F448-48BF-A571-DAF4F763B31D}.Debug|Any CPU.Build.0 = Debug|Any CPU
		{E8D59FE0-F448-48BF-A571-DAF4F763B31D}.Release|Any CPU.ActiveCfg = Release|Any CPU
		{E8D59FE0-F448-48BF-A571-DAF4F763B31D}.Release|Any CPU.Build.0 = Release|Any CPU
		{AE2274CC-0464-482A-9D5F-109E5536AA91}.Debug|Any CPU.ActiveCfg = Debug|Any CPU
		{AE2274CC-0464-482A-9D5F-109E5536AA91}.Debug|Any CPU.Build.0 = Debug|Any CPU
		{AE2274CC-0464-482A-9D5F-109E5536AA91}.Release|Any CPU.ActiveCfg = Release|Any CPU
		{AE2274CC-0464-482A-9D5F-109E5536AA91}.Release|Any CPU.Build.0 = Release|Any CPU
		{239AD34C-FEEF-4923-B380-489A302FD5F4}.Debug|Any CPU.ActiveCfg = Debug|Any CPU
		{239AD34C-FEEF-4923-B380-489A302FD5F4}.Debug|Any CPU.Build.0 = Debug|Any CPU
		{239AD34C-FEEF-4923-B380-489A302FD5F4}.Release|Any CPU.ActiveCfg = Release|Any CPU
		{239AD34C-FEEF-4923-B380-489A302FD5F4}.Release|Any CPU.Build.0 = Release|Any CPU
		{42D77EB3-118A-402B-9E6A-935F578DE98A}.Debug|Any CPU.ActiveCfg = Debug|Any CPU
		{42D77EB3-118A-402B-9E6A-935F578DE98A}.Debug|Any CPU.Build.0 = Debug|Any CPU
		{42D77EB3-118A-402B-9E6A-935F578DE98A}.Release|Any CPU.ActiveCfg = Release|Any CPU
		{42D77EB3-118A-402B-9E6A-935F578DE98A}.Release|Any CPU.Build.0 = Release|Any CPU
		{00849ADF-3D5C-45BE-8D39-886B40B99B22}.Debug|Any CPU.ActiveCfg = Debug|Any CPU
		{00849ADF-3D5C-45BE-8D39-886B40B99B22}.Debug|Any CPU.Build.0 = Debug|Any CPU
		{00849ADF-3D5C-45BE-8D39-886B40B99B22}.Release|Any CPU.ActiveCfg = Release|Any CPU
		{00849ADF-3D5C-45BE-8D39-886B40B99B22}.Release|Any CPU.Build.0 = Release|Any CPU
		{A3982D01-E70F-4FD2-93E4-CD708DEB90DD}.Debug|Any CPU.ActiveCfg = Debug|Any CPU
		{A3982D01-E70F-4FD2-93E4-CD708DEB90DD}.Debug|Any CPU.Build.0 = Debug|Any CPU
		{A3982D01-E70F-4FD2-93E4-CD708DEB90DD}.Release|Any CPU.ActiveCfg = Release|Any CPU
		{A3982D01-E70F-4FD2-93E4-CD708DEB90DD}.Release|Any CPU.Build.0 = Release|Any CPU
		{09B31FC6-DB81-46AE-BC09-F52E333ED7D1}.Debug|Any CPU.ActiveCfg = Debug|Any CPU
		{09B31FC6-DB81-46AE-BC09-F52E333ED7D1}.Debug|Any CPU.Build.0 = Debug|Any CPU
		{09B31FC6-DB81-46AE-BC09-F52E333ED7D1}.Release|Any CPU.ActiveCfg = Release|Any CPU
		{09B31FC6-DB81-46AE-BC09-F52E333ED7D1}.Release|Any CPU.Build.0 = Release|Any CPU
		{2FB3101A-6505-411E-A65B-D9E6C4E9B1F7}.Debug|Any CPU.ActiveCfg = Debug|Any CPU
		{2FB3101A-6505-411E-A65B-D9E6C4E9B1F7}.Debug|Any CPU.Build.0 = Debug|Any CPU
		{2FB3101A-6505-411E-A65B-D9E6C4E9B1F7}.Release|Any CPU.ActiveCfg = Release|Any CPU
		{2FB3101A-6505-411E-A65B-D9E6C4E9B1F7}.Release|Any CPU.Build.0 = Release|Any CPU
		{CC266721-0627-4479-B18F-426731EE4651}.Debug|Any CPU.ActiveCfg = Debug|Any CPU
		{CC266721-0627-4479-B18F-426731EE4651}.Debug|Any CPU.Build.0 = Debug|Any CPU
		{CC266721-0627-4479-B18F-426731EE4651}.Release|Any CPU.ActiveCfg = Release|Any CPU
		{CC266721-0627-4479-B18F-426731EE4651}.Release|Any CPU.Build.0 = Release|Any CPU
		{8015AC87-01F5-491D-BF3C-CBA1DA6B13DB}.Debug|Any CPU.ActiveCfg = Debug|Any CPU
		{8015AC87-01F5-491D-BF3C-CBA1DA6B13DB}.Debug|Any CPU.Build.0 = Debug|Any CPU
		{8015AC87-01F5-491D-BF3C-CBA1DA6B13DB}.Release|Any CPU.ActiveCfg = Release|Any CPU
		{8015AC87-01F5-491D-BF3C-CBA1DA6B13DB}.Release|Any CPU.Build.0 = Release|Any CPU
		{DEB9E85D-B628-4462-A3BC-F047B898B9D5}.Debug|Any CPU.ActiveCfg = Debug|Any CPU
		{DEB9E85D-B628-4462-A3BC-F047B898B9D5}.Debug|Any CPU.Build.0 = Debug|Any CPU
		{DEB9E85D-B628-4462-A3BC-F047B898B9D5}.Release|Any CPU.ActiveCfg = Release|Any CPU
		{DEB9E85D-B628-4462-A3BC-F047B898B9D5}.Release|Any CPU.Build.0 = Release|Any CPU
		{FB96C9C1-54FB-403B-BC11-4601FFBCE9D3}.Debug|Any CPU.ActiveCfg = Debug|Any CPU
		{FB96C9C1-54FB-403B-BC11-4601FFBCE9D3}.Debug|Any CPU.Build.0 = Debug|Any CPU
		{FB96C9C1-54FB-403B-BC11-4601FFBCE9D3}.Release|Any CPU.ActiveCfg = Release|Any CPU
		{FB96C9C1-54FB-403B-BC11-4601FFBCE9D3}.Release|Any CPU.Build.0 = Release|Any CPU
	EndGlobalSection
	GlobalSection(NestedProjects) = preSolution
		{1A0E2337-EA89-4A5D-973B-36EBEEBCA17B} = {EB7F9678-3781-4F95-AD16-5DB496E81294}
		{F8079EFC-6430-459B-8112-CEDDDB574C09} = {CC2BD7D3-349F-4808-81A0-C6C06B227D98}
		{D3E69A93-BBFC-4867-8607-3023E7F7FDAB} = {1BC9CE39-F5F8-436A-9BE5-BA3D5F13BABB}
		{A6A623C1-7DE3-4F90-ACA2-8224210891F4} = {EB7F9678-3781-4F95-AD16-5DB496E81294}
		{D30EF6DA-3E44-4F20-B99B-436D5BC09F87} = {EB7F9678-3781-4F95-AD16-5DB496E81294}
		{3E8EF831-0699-48A3-8434-60E227474CF4} = {EB7F9678-3781-4F95-AD16-5DB496E81294}
		{D2EA455A-3A2B-4437-BBFF-301EBEEDFB5E} = {29B65168-2680-44DC-BC44-1B921B83C67F}
		{F9F2BB1D-182B-4D5E-B44A-8D5933285C8C} = {29B65168-2680-44DC-BC44-1B921B83C67F}
		{3D81CB3D-B9D6-4547-9822-CCE820C28AF8} = {29B65168-2680-44DC-BC44-1B921B83C67F}
		{F75C902A-5913-4B26-B3DE-1BB8BE9CBD7E} = {1BC9CE39-F5F8-436A-9BE5-BA3D5F13BABB}
		{12B02FCF-BD1E-4B63-A9E6-D4774A42CA67} = {EB7F9678-3781-4F95-AD16-5DB496E81294}
		{B864FF45-EEBC-4014-A92E-6F31FEEA646C} = {CC2BD7D3-349F-4808-81A0-C6C06B227D98}
		{9F544661-FA60-481A-8307-42AF3B8F630B} = {3C038873-C889-431C-B34B-1BA82BF5153B}
		{4AEBC052-87FC-402C-8383-219F14B20CC1} = {3C038873-C889-431C-B34B-1BA82BF5153B}
		{5E77EE95-4681-467C-86FA-68374ED1D362} = {3C038873-C889-431C-B34B-1BA82BF5153B}
		{4E61B845-128A-4697-9EEC-5877CA04CEF6} = {F75C902A-5913-4B26-B3DE-1BB8BE9CBD7E}
		{8B0D43E3-D9BE-4C93-851E-BD4C949A8188} = {F75C902A-5913-4B26-B3DE-1BB8BE9CBD7E}
		{6669062B-C4A2-4076-A3CE-C7EAF853C019} = {3E8EF831-0699-48A3-8434-60E227474CF4}
		{F7FDB166-D0FB-4B1F-9C35-A7B3770C8FB5} = {3E8EF831-0699-48A3-8434-60E227474CF4}
		{21CE9896-E91F-4879-AB9A-181B5E7A70E0} = {3E8EF831-0699-48A3-8434-60E227474CF4}
		{239B9936-C7D0-43B6-8A98-958A80A9C66F} = {3E8EF831-0699-48A3-8434-60E227474CF4}
		{7BD1F4C0-A3A7-44CF-80E4-F1C78F8EEF3C} = {3E8EF831-0699-48A3-8434-60E227474CF4}
		{E5C91A57-702E-409B-A2D1-CCF84230DD81} = {12B02FCF-BD1E-4B63-A9E6-D4774A42CA67}
		{01E9782C-74C3-4BD7-811B-D113568E5971} = {12B02FCF-BD1E-4B63-A9E6-D4774A42CA67}
		{047C0C4E-0875-47FA-ADEF-758585DF8EE3} = {D30EF6DA-3E44-4F20-B99B-436D5BC09F87}
		{CA1D3DCD-1FE4-4DEC-BCC7-A3932BFD4AAD} = {D30EF6DA-3E44-4F20-B99B-436D5BC09F87}
		{4B1466BD-8F36-4B49-B4B6-E82E4A3862B1} = {A6A623C1-7DE3-4F90-ACA2-8224210891F4}
		{7A4CCB39-CF9D-469F-A601-DF480C22E480} = {1A0E2337-EA89-4A5D-973B-36EBEEBCA17B}
		{8EAB4CA1-A683-43D1-9DBE-FD18E9A9624C} = {3D81CB3D-B9D6-4547-9822-CCE820C28AF8}
		{0F621738-5DD6-4766-8D9E-0AA40DEFECF3} = {F9F2BB1D-182B-4D5E-B44A-8D5933285C8C}
		{15C5235A-AACE-41EB-9315-11DD8B89EDBC} = {D2EA455A-3A2B-4437-BBFF-301EBEEDFB5E}
		{5D345E5E-4FBE-4214-9371-0E22F3248655} = {D2EA455A-3A2B-4437-BBFF-301EBEEDFB5E}
		{29113055-5C8E-451C-A6F0-8F1F4CAA49D5} = {29B65168-2680-44DC-BC44-1B921B83C67F}
		{6251EEA0-4164-4E91-8063-A7C203B5A1DF} = {29113055-5C8E-451C-A6F0-8F1F4CAA49D5}
		{3F0476CF-EBB9-4337-A642-328D0CAF8DB4} = {D3E69A93-BBFC-4867-8607-3023E7F7FDAB}
		{138C5A19-D360-40CA-8D33-467026DB1938} = {CC2BD7D3-349F-4808-81A0-C6C06B227D98}
		{4B59A639-113C-446A-AD5D-1D1E7361D726} = {CC2BD7D3-349F-4808-81A0-C6C06B227D98}
		{DDF2A687-BEC8-4EFF-B522-AE698308A5D9} = {CC2BD7D3-349F-4808-81A0-C6C06B227D98}
		{9BD70954-9B9F-4229-9186-83791B95269E} = {138C5A19-D360-40CA-8D33-467026DB1938}
		{10E9FD96-1791-453F-8BAF-8D02B217087B} = {138C5A19-D360-40CA-8D33-467026DB1938}
		{64D4EC89-8F48-45E7-904A-7E05783CD153} = {138C5A19-D360-40CA-8D33-467026DB1938}
		{AC9EF6AB-43FE-40E2-86FB-49A17AB567DE} = {138C5A19-D360-40CA-8D33-467026DB1938}
		{2BE7BC3A-28AE-4F26-A7DE-30527B43A63D} = {138C5A19-D360-40CA-8D33-467026DB1938}
		{D40E0A6A-37AC-4B31-97CB-DCEF12FC0148} = {4B59A639-113C-446A-AD5D-1D1E7361D726}
		{21C3EAA4-C17A-44A1-A19F-050F9D180D5C} = {4B59A639-113C-446A-AD5D-1D1E7361D726}
		{96703C72-5CBE-4023-B189-15285C9C3E54} = {4B59A639-113C-446A-AD5D-1D1E7361D726}
		{E8D59FE0-F448-48BF-A571-DAF4F763B31D} = {4B59A639-113C-446A-AD5D-1D1E7361D726}
		{239AD34C-FEEF-4923-B380-489A302FD5F4} = {DDF2A687-BEC8-4EFF-B522-AE698308A5D9}
		{42D77EB3-118A-402B-9E6A-935F578DE98A} = {B864FF45-EEBC-4014-A92E-6F31FEEA646C}
		{00849ADF-3D5C-45BE-8D39-886B40B99B22} = {B864FF45-EEBC-4014-A92E-6F31FEEA646C}
		{A3982D01-E70F-4FD2-93E4-CD708DEB90DD} = {F8079EFC-6430-459B-8112-CEDDDB574C09}
		{1040B0E3-185A-4C1A-A942-BA428A5D4C2E} = {9F544661-FA60-481A-8307-42AF3B8F630B}
		{85A72FA8-2C07-45FD-9240-A815B720D324} = {9F544661-FA60-481A-8307-42AF3B8F630B}
		{09B31FC6-DB81-46AE-BC09-F52E333ED7D1} = {1040B0E3-185A-4C1A-A942-BA428A5D4C2E}
		{2FB3101A-6505-411E-A65B-D9E6C4E9B1F7} = {1040B0E3-185A-4C1A-A942-BA428A5D4C2E}
		{CC266721-0627-4479-B18F-426731EE4651} = {4AEBC052-87FC-402C-8383-219F14B20CC1}
		{8015AC87-01F5-491D-BF3C-CBA1DA6B13DB} = {5E77EE95-4681-467C-86FA-68374ED1D362}
		{207EA423-CFFD-4CA4-B8BD-A53660DBCBC1} = {1BC9CE39-F5F8-436A-9BE5-BA3D5F13BABB}
		{DEB9E85D-B628-4462-A3BC-F047B898B9D5} = {207EA423-CFFD-4CA4-B8BD-A53660DBCBC1}
		{FB96C9C1-54FB-403B-BC11-4601FFBCE9D3} = {207EA423-CFFD-4CA4-B8BD-A53660DBCBC1}
		{AE2274CC-0464-482A-9D5F-109E5536AA91} = {138C5A19-D360-40CA-8D33-467026DB1938}
	EndGlobalSection
EndGlobal
